
Microsoft Visual Studio Solution File, Format Version 12.00
# Visual Studio 15
VisualStudioVersion = 15.0.28307.1684
MinimumVisualStudioVersion = 10.0.40219.1
Project("{FAE04EC0-301F-11D3-BF4B-00C04F79EFBC}") = "PlanCheck", "PlanCheck.csproj", "{F88A1EA4-0894-4F4F-B7A6-257D832D4E0B}"
EndProject
Global
	GlobalSection(SolutionConfigurationPlatforms) = preSolution
		Debug|x64 = Debug|x64
		Release|x64 = Release|x64
	EndGlobalSection
	GlobalSection(ProjectConfigurationPlatforms) = postSolution
		{F88A1EA4-0894-4F4F-B7A6-257D832D4E0B}.Debug|x64.ActiveCfg = Debug|x64
		{F88A1EA4-0894-4F4F-B7A6-257D832D4E0B}.Debug|x64.Build.0 = Debug|x64
		{F88A1EA4-0894-4F4F-B7A6-257D832D4E0B}.Release|x64.ActiveCfg = Release|x64
		{F88A1EA4-0894-4F4F-B7A6-257D832D4E0B}.Release|x64.Build.0 = Release|x64
	EndGlobalSection
	GlobalSection(SolutionProperties) = preSolution
		HideSolutionNode = FALSE
	EndGlobalSection
	GlobalSection(ExtensibilityGlobals) = postSolution
		SolutionGuid = {BCC73C4D-665C-408B-BE86-1C9ECFF82D51}
	EndGlobalSection
EndGlobal
